// !$*UTF8*$!
{
	archiveVersion = 1;
	classes = {
	};
	objectVersion = 46;
	objects = {

/* Begin PBXBuildFile section */
		2E0D75CF1ED8F414005C8A31 /* GoalApiService.swift in Sources */ = {isa = PBXBuildFile; fileRef = 2E0D75CE1ED8F414005C8A31 /* GoalApiService.swift */; };
		2E0ED06E1EB6E57A004683F2 /* Charts.framework in Frameworks */ = {isa = PBXBuildFile; fileRef = 2E0ED06D1EB6E57A004683F2 /* Charts.framework */; };
		2E2C47581EBE292E001BA388 /* Progress.swift in Sources */ = {isa = PBXBuildFile; fileRef = 2E2C47571EBE292E001BA388 /* Progress.swift */; };
		2E3057351EAC24B600978F36 /* Goal.swift in Sources */ = {isa = PBXBuildFile; fileRef = 2E3057341EAC24B600978F36 /* Goal.swift */; };
		2E3057371EAFB85100978F36 /* Utilities.swift in Sources */ = {isa = PBXBuildFile; fileRef = 2E3057361EAFB85100978F36 /* Utilities.swift */; };
		2E59D14C1EAAA038007F5F91 /* GoalsViewController.swift in Sources */ = {isa = PBXBuildFile; fileRef = 2E59D14B1EAAA038007F5F91 /* GoalsViewController.swift */; };
		2E59D14E1EABF1C3007F5F91 /* GoalTableViewCell.swift in Sources */ = {isa = PBXBuildFile; fileRef = 2E59D14D1EABF1C3007F5F91 /* GoalTableViewCell.swift */; };
		2E6F174D1ECE7AC800A6E1CB /* Constants.swift in Sources */ = {isa = PBXBuildFile; fileRef = 2E6F174C1ECE7AC800A6E1CB /* Constants.swift */; };
		2EA54C0C1EA578C500C0E323 /* LoginViewController.swift in Sources */ = {isa = PBXBuildFile; fileRef = 2EA54C0B1EA578C500C0E323 /* LoginViewController.swift */; };
		2EA54C0E1EA57DAF00C0E323 /* SignUpViewController.swift in Sources */ = {isa = PBXBuildFile; fileRef = 2EA54C0D1EA57DAF00C0E323 /* SignUpViewController.swift */; };
		2EA554D71EC3D77800315BCB /* AddGoalViewController.swift in Sources */ = {isa = PBXBuildFile; fileRef = 2EA554D61EC3D77800315BCB /* AddGoalViewController.swift */; };
		2EBF152D1ECA787F0066BF85 /* AddProgressViewController.swift in Sources */ = {isa = PBXBuildFile; fileRef = 2EBF152C1ECA787F0066BF85 /* AddProgressViewController.swift */; };
		2EDB294B1ED9D0D600AFF4EA /* ApiWrapper.swift in Sources */ = {isa = PBXBuildFile; fileRef = 2EDB294A1ED9D0D600AFF4EA /* ApiWrapper.swift */; };
		6BAA7481F55D033E01C57C2D /* Pods_GoalsAppTests.framework in Frameworks */ = {isa = PBXBuildFile; fileRef = AC2DD4799E70BABD30BBA279 /* Pods_GoalsAppTests.framework */; };
		89EFA358C4A22483722A16B0 /* Pods_GoalsApp.framework in Frameworks */ = {isa = PBXBuildFile; fileRef = 1DF27E0B6B35570242812042 /* Pods_GoalsApp.framework */; };
		B0E7B18B1E8C98D200E366E0 /* AppDelegate.swift in Sources */ = {isa = PBXBuildFile; fileRef = B0E7B18A1E8C98D200E366E0 /* AppDelegate.swift */; };
		B0E7B18D1E8C98D200E366E0 /* ViewController.swift in Sources */ = {isa = PBXBuildFile; fileRef = B0E7B18C1E8C98D200E366E0 /* ViewController.swift */; };
		B0E7B1901E8C98D200E366E0 /* Main.storyboard in Resources */ = {isa = PBXBuildFile; fileRef = B0E7B18E1E8C98D200E366E0 /* Main.storyboard */; };
		B0E7B1921E8C98D200E366E0 /* Images.xcassets in Resources */ = {isa = PBXBuildFile; fileRef = B0E7B1911E8C98D200E366E0 /* Images.xcassets */; };
		B0E7B1A11E8C98D200E366E0 /* GoalsAppTests.swift in Sources */ = {isa = PBXBuildFile; fileRef = B0E7B1A01E8C98D200E366E0 /* GoalsAppTests.swift */; };
/* End PBXBuildFile section */

/* Begin PBXContainerItemProxy section */
		B0E7B19B1E8C98D200E366E0 /* PBXContainerItemProxy */ = {
			isa = PBXContainerItemProxy;
			containerPortal = B0E7B17D1E8C98D100E366E0 /* Project object */;
			proxyType = 1;
			remoteGlobalIDString = B0E7B1841E8C98D100E366E0;
			remoteInfo = GoalsApp;
		};
/* End PBXContainerItemProxy section */

/* Begin PBXFileReference section */
		174D55FDEF15356AD3B8ED00 /* Pods-GoalsAppTests.debug.xcconfig */ = {isa = PBXFileReference; includeInIndex = 1; lastKnownFileType = text.xcconfig; name = "Pods-GoalsAppTests.debug.xcconfig"; path = "Pods/Target Support Files/Pods-GoalsAppTests/Pods-GoalsAppTests.debug.xcconfig"; sourceTree = "<group>"; };
		1DF27E0B6B35570242812042 /* Pods_GoalsApp.framework */ = {isa = PBXFileReference; explicitFileType = wrapper.framework; includeInIndex = 0; path = Pods_GoalsApp.framework; sourceTree = BUILT_PRODUCTS_DIR; };
		2E0D75CE1ED8F414005C8A31 /* GoalApiService.swift */ = {isa = PBXFileReference; fileEncoding = 4; lastKnownFileType = sourcecode.swift; path = GoalApiService.swift; sourceTree = "<group>"; };
		2E0ED06D1EB6E57A004683F2 /* Charts.framework */ = {isa = PBXFileReference; lastKnownFileType = wrapper.framework; name = Charts.framework; path = "Pods/../build/Debug-iphoneos/Charts/Charts.framework"; sourceTree = "<group>"; };
		2E2C47571EBE292E001BA388 /* Progress.swift */ = {isa = PBXFileReference; fileEncoding = 4; lastKnownFileType = sourcecode.swift; path = Progress.swift; sourceTree = "<group>"; };
		2E3057341EAC24B600978F36 /* Goal.swift */ = {isa = PBXFileReference; fileEncoding = 4; lastKnownFileType = sourcecode.swift; path = Goal.swift; sourceTree = "<group>"; };
		2E3057361EAFB85100978F36 /* Utilities.swift */ = {isa = PBXFileReference; fileEncoding = 4; lastKnownFileType = sourcecode.swift; path = Utilities.swift; sourceTree = "<group>"; };
		2E59D14B1EAAA038007F5F91 /* GoalsViewController.swift */ = {isa = PBXFileReference; fileEncoding = 4; lastKnownFileType = sourcecode.swift; path = GoalsViewController.swift; sourceTree = "<group>"; };
		2E59D14D1EABF1C3007F5F91 /* GoalTableViewCell.swift */ = {isa = PBXFileReference; fileEncoding = 4; lastKnownFileType = sourcecode.swift; path = GoalTableViewCell.swift; sourceTree = "<group>"; };
		2E6F174C1ECE7AC800A6E1CB /* Constants.swift */ = {isa = PBXFileReference; fileEncoding = 4; lastKnownFileType = sourcecode.swift; path = Constants.swift; sourceTree = "<group>"; };
		2EA54C0B1EA578C500C0E323 /* LoginViewController.swift */ = {isa = PBXFileReference; fileEncoding = 4; lastKnownFileType = sourcecode.swift; path = LoginViewController.swift; sourceTree = "<group>"; };
		2EA54C0D1EA57DAF00C0E323 /* SignUpViewController.swift */ = {isa = PBXFileReference; fileEncoding = 4; lastKnownFileType = sourcecode.swift; path = SignUpViewController.swift; sourceTree = "<group>"; };
		2EA554D61EC3D77800315BCB /* AddGoalViewController.swift */ = {isa = PBXFileReference; fileEncoding = 4; lastKnownFileType = sourcecode.swift; path = AddGoalViewController.swift; sourceTree = "<group>"; };
		2EBF152C1ECA787F0066BF85 /* AddProgressViewController.swift */ = {isa = PBXFileReference; fileEncoding = 4; lastKnownFileType = sourcecode.swift; path = AddProgressViewController.swift; sourceTree = "<group>"; };
		2EDB294A1ED9D0D600AFF4EA /* ApiWrapper.swift */ = {isa = PBXFileReference; fileEncoding = 4; lastKnownFileType = sourcecode.swift; path = ApiWrapper.swift; sourceTree = "<group>"; };
		AC2DD4799E70BABD30BBA279 /* Pods_GoalsAppTests.framework */ = {isa = PBXFileReference; explicitFileType = wrapper.framework; includeInIndex = 0; path = Pods_GoalsAppTests.framework; sourceTree = BUILT_PRODUCTS_DIR; };
		B0E7B1851E8C98D200E366E0 /* GoalsApp.app */ = {isa = PBXFileReference; explicitFileType = wrapper.application; includeInIndex = 0; path = GoalsApp.app; sourceTree = BUILT_PRODUCTS_DIR; };
		B0E7B1891E8C98D200E366E0 /* Info.plist */ = {isa = PBXFileReference; lastKnownFileType = text.plist.xml; path = Info.plist; sourceTree = "<group>"; };
		B0E7B18A1E8C98D200E366E0 /* AppDelegate.swift */ = {isa = PBXFileReference; lastKnownFileType = sourcecode.swift; path = AppDelegate.swift; sourceTree = "<group>"; };
		B0E7B18C1E8C98D200E366E0 /* ViewController.swift */ = {isa = PBXFileReference; lastKnownFileType = sourcecode.swift; path = ViewController.swift; sourceTree = "<group>"; };
		B0E7B18F1E8C98D200E366E0 /* Base */ = {isa = PBXFileReference; lastKnownFileType = file.storyboard; name = Base; path = Base.lproj/Main.storyboard; sourceTree = "<group>"; };
		B0E7B1911E8C98D200E366E0 /* Images.xcassets */ = {isa = PBXFileReference; lastKnownFileType = folder.assetcatalog; path = Images.xcassets; sourceTree = "<group>"; };
		B0E7B19A1E8C98D200E366E0 /* GoalsAppTests.xctest */ = {isa = PBXFileReference; explicitFileType = wrapper.cfbundle; includeInIndex = 0; path = GoalsAppTests.xctest; sourceTree = BUILT_PRODUCTS_DIR; };
		B0E7B19F1E8C98D200E366E0 /* Info.plist */ = {isa = PBXFileReference; lastKnownFileType = text.plist.xml; path = Info.plist; sourceTree = "<group>"; };
		B0E7B1A01E8C98D200E366E0 /* GoalsAppTests.swift */ = {isa = PBXFileReference; lastKnownFileType = sourcecode.swift; path = GoalsAppTests.swift; sourceTree = "<group>"; };
		CB3436D53250396FF4CAEF7B /* Pods-GoalsApp.release.xcconfig */ = {isa = PBXFileReference; includeInIndex = 1; lastKnownFileType = text.xcconfig; name = "Pods-GoalsApp.release.xcconfig"; path = "Pods/Target Support Files/Pods-GoalsApp/Pods-GoalsApp.release.xcconfig"; sourceTree = "<group>"; };
		D767D2CCC0258B9851C39C1F /* Pods-GoalsApp.debug.xcconfig */ = {isa = PBXFileReference; includeInIndex = 1; lastKnownFileType = text.xcconfig; name = "Pods-GoalsApp.debug.xcconfig"; path = "Pods/Target Support Files/Pods-GoalsApp/Pods-GoalsApp.debug.xcconfig"; sourceTree = "<group>"; };
		E29090C9E49AF6BC50F0AC5E /* Pods-GoalsAppTests.release.xcconfig */ = {isa = PBXFileReference; includeInIndex = 1; lastKnownFileType = text.xcconfig; name = "Pods-GoalsAppTests.release.xcconfig"; path = "Pods/Target Support Files/Pods-GoalsAppTests/Pods-GoalsAppTests.release.xcconfig"; sourceTree = "<group>"; };
/* End PBXFileReference section */

/* Begin PBXFrameworksBuildPhase section */
		B0E7B1821E8C98D100E366E0 /* Frameworks */ = {
			isa = PBXFrameworksBuildPhase;
			buildActionMask = 2147483647;
			files = (
				2E0ED06E1EB6E57A004683F2 /* Charts.framework in Frameworks */,
				89EFA358C4A22483722A16B0 /* Pods_GoalsApp.framework in Frameworks */,
			);
			runOnlyForDeploymentPostprocessing = 0;
		};
		B0E7B1971E8C98D200E366E0 /* Frameworks */ = {
			isa = PBXFrameworksBuildPhase;
			buildActionMask = 2147483647;
			files = (
				6BAA7481F55D033E01C57C2D /* Pods_GoalsAppTests.framework in Frameworks */,
			);
			runOnlyForDeploymentPostprocessing = 0;
		};
/* End PBXFrameworksBuildPhase section */

/* Begin PBXGroup section */
		281D13850F901C2CD732F38C /* Frameworks */ = {
			isa = PBXGroup;
			children = (
				2E0ED06D1EB6E57A004683F2 /* Charts.framework */,
				1DF27E0B6B35570242812042 /* Pods_GoalsApp.framework */,
				AC2DD4799E70BABD30BBA279 /* Pods_GoalsAppTests.framework */,
			);
			name = Frameworks;
			sourceTree = "<group>";
		};
		B0E7B17C1E8C98D100E366E0 = {
			isa = PBXGroup;
			children = (
				B0E7B1871E8C98D200E366E0 /* GoalsApp */,
				B0E7B19D1E8C98D200E366E0 /* GoalsAppTests */,
				B0E7B1861E8C98D200E366E0 /* Products */,
				FF0E94C9F43955A2524E0121 /* Pods */,
				281D13850F901C2CD732F38C /* Frameworks */,
			);
			sourceTree = "<group>";
		};
		B0E7B1861E8C98D200E366E0 /* Products */ = {
			isa = PBXGroup;
			children = (
				B0E7B1851E8C98D200E366E0 /* GoalsApp.app */,
				B0E7B19A1E8C98D200E366E0 /* GoalsAppTests.xctest */,
			);
			name = Products;
			sourceTree = "<group>";
		};
		B0E7B1871E8C98D200E366E0 /* GoalsApp */ = {
			isa = PBXGroup;
			children = (
				B0E7B18A1E8C98D200E366E0 /* AppDelegate.swift */,
				B0E7B18C1E8C98D200E366E0 /* ViewController.swift */,
				B0E7B18E1E8C98D200E366E0 /* Main.storyboard */,
				2E59D14D1EABF1C3007F5F91 /* GoalTableViewCell.swift */,
				2EA54C0D1EA57DAF00C0E323 /* SignUpViewController.swift */,
				B0E7B1911E8C98D200E366E0 /* Images.xcassets */,
				2EA54C0B1EA578C500C0E323 /* LoginViewController.swift */,
				B0E7B1881E8C98D200E366E0 /* Supporting Files */,
				2E59D14B1EAAA038007F5F91 /* GoalsViewController.swift */,
				2E3057341EAC24B600978F36 /* Goal.swift */,
				2E3057361EAFB85100978F36 /* Utilities.swift */,
				2E2C47571EBE292E001BA388 /* Progress.swift */,
				2EA554D61EC3D77800315BCB /* AddGoalViewController.swift */,
				2EBF152C1ECA787F0066BF85 /* AddProgressViewController.swift */,
				2E6F174C1ECE7AC800A6E1CB /* Constants.swift */,
				2E0D75CE1ED8F414005C8A31 /* GoalApiService.swift */,
				2EDB294A1ED9D0D600AFF4EA /* ApiWrapper.swift */,
			);
			path = GoalsApp;
			sourceTree = "<group>";
		};
		B0E7B1881E8C98D200E366E0 /* Supporting Files */ = {
			isa = PBXGroup;
			children = (
				B0E7B1891E8C98D200E366E0 /* Info.plist */,
			);
			name = "Supporting Files";
			sourceTree = "<group>";
		};
		B0E7B19D1E8C98D200E366E0 /* GoalsAppTests */ = {
			isa = PBXGroup;
			children = (
				B0E7B1A01E8C98D200E366E0 /* GoalsAppTests.swift */,
				B0E7B19E1E8C98D200E366E0 /* Supporting Files */,
			);
			path = GoalsAppTests;
			sourceTree = "<group>";
		};
		B0E7B19E1E8C98D200E366E0 /* Supporting Files */ = {
			isa = PBXGroup;
			children = (
				B0E7B19F1E8C98D200E366E0 /* Info.plist */,
			);
			name = "Supporting Files";
			sourceTree = "<group>";
		};
		FF0E94C9F43955A2524E0121 /* Pods */ = {
			isa = PBXGroup;
			children = (
				D767D2CCC0258B9851C39C1F /* Pods-GoalsApp.debug.xcconfig */,
				CB3436D53250396FF4CAEF7B /* Pods-GoalsApp.release.xcconfig */,
				174D55FDEF15356AD3B8ED00 /* Pods-GoalsAppTests.debug.xcconfig */,
				E29090C9E49AF6BC50F0AC5E /* Pods-GoalsAppTests.release.xcconfig */,
			);
			name = Pods;
			sourceTree = "<group>";
		};
/* End PBXGroup section */

/* Begin PBXNativeTarget section */
		B0E7B1841E8C98D100E366E0 /* GoalsApp */ = {
			isa = PBXNativeTarget;
			buildConfigurationList = B0E7B1A41E8C98D200E366E0 /* Build configuration list for PBXNativeTarget "GoalsApp" */;
			buildPhases = (
				32436FCD5A0993BD37E6247B /* [CP] Check Pods Manifest.lock */,
				B0E7B1811E8C98D100E366E0 /* Sources */,
				B0E7B1821E8C98D100E366E0 /* Frameworks */,
				B0E7B1831E8C98D100E366E0 /* Resources */,
				5C83B76C8863D923BC71689D /* [CP] Embed Pods Frameworks */,
				6B551DA954580043D0CB34CA /* [CP] Copy Pods Resources */,
			);
			buildRules = (
			);
			dependencies = (
			);
			name = GoalsApp;
			productName = GoalsApp;
			productReference = B0E7B1851E8C98D200E366E0 /* GoalsApp.app */;
			productType = "com.apple.product-type.application";
		};
		B0E7B1991E8C98D200E366E0 /* GoalsAppTests */ = {
			isa = PBXNativeTarget;
			buildConfigurationList = B0E7B1A71E8C98D200E366E0 /* Build configuration list for PBXNativeTarget "GoalsAppTests" */;
			buildPhases = (
				8A9F2A7BE2F524D05119FE23 /* [CP] Check Pods Manifest.lock */,
				B0E7B1961E8C98D200E366E0 /* Sources */,
				B0E7B1971E8C98D200E366E0 /* Frameworks */,
				B0E7B1981E8C98D200E366E0 /* Resources */,
				A8AB853E51D9A4E90B10D657 /* [CP] Embed Pods Frameworks */,
				8F92768DCBDA3ACBEE033C5A /* [CP] Copy Pods Resources */,
			);
			buildRules = (
			);
			dependencies = (
				B0E7B19C1E8C98D200E366E0 /* PBXTargetDependency */,
			);
			name = GoalsAppTests;
			productName = GoalsAppTests;
			productReference = B0E7B19A1E8C98D200E366E0 /* GoalsAppTests.xctest */;
			productType = "com.apple.product-type.bundle.unit-test";
		};
/* End PBXNativeTarget section */

/* Begin PBXProject section */
		B0E7B17D1E8C98D100E366E0 /* Project object */ = {
			isa = PBXProject;
			attributes = {
				LastUpgradeCheck = 0600;
				ORGANIZATIONNAME = "Vinnie Vendemia";
				TargetAttributes = {
					B0E7B1841E8C98D100E366E0 = {
						CreatedOnToolsVersion = 6.0.1;
						LastSwiftMigration = 0830;
					};
					B0E7B1991E8C98D200E366E0 = {
						CreatedOnToolsVersion = 6.0.1;
						LastSwiftMigration = 0830;
						TestTargetID = B0E7B1841E8C98D100E366E0;
					};
				};
			};
			buildConfigurationList = B0E7B1801E8C98D100E366E0 /* Build configuration list for PBXProject "GoalsApp" */;
			compatibilityVersion = "Xcode 3.2";
			developmentRegion = English;
			hasScannedForEncodings = 0;
			knownRegions = (
				en,
				Base,
			);
			mainGroup = B0E7B17C1E8C98D100E366E0;
			productRefGroup = B0E7B1861E8C98D200E366E0 /* Products */;
			projectDirPath = "";
			projectRoot = "";
			targets = (
				B0E7B1841E8C98D100E366E0 /* GoalsApp */,
				B0E7B1991E8C98D200E366E0 /* GoalsAppTests */,
			);
		};
/* End PBXProject section */

/* Begin PBXResourcesBuildPhase section */
		B0E7B1831E8C98D100E366E0 /* Resources */ = {
			isa = PBXResourcesBuildPhase;
			buildActionMask = 2147483647;
			files = (
				B0E7B1901E8C98D200E366E0 /* Main.storyboard in Resources */,
				B0E7B1921E8C98D200E366E0 /* Images.xcassets in Resources */,
			);
			runOnlyForDeploymentPostprocessing = 0;
		};
		B0E7B1981E8C98D200E366E0 /* Resources */ = {
			isa = PBXResourcesBuildPhase;
			buildActionMask = 2147483647;
			files = (
			);
			runOnlyForDeploymentPostprocessing = 0;
		};
/* End PBXResourcesBuildPhase section */

/* Begin PBXShellScriptBuildPhase section */
		32436FCD5A0993BD37E6247B /* [CP] Check Pods Manifest.lock */ = {
			isa = PBXShellScriptBuildPhase;
			buildActionMask = 2147483647;
			files = (
			);
			inputPaths = (
			);
			name = "[CP] Check Pods Manifest.lock";
			outputPaths = (
			);
			runOnlyForDeploymentPostprocessing = 0;
			shellPath = /bin/sh;
			shellScript = "diff \"${PODS_PODFILE_DIR_PATH}/Podfile.lock\" \"${PODS_ROOT}/Manifest.lock\" > /dev/null\nif [ $? != 0 ] ; then\n    # print error to STDERR\n    echo \"error: The sandbox is not in sync with the Podfile.lock. Run 'pod install' or update your CocoaPods installation.\" >&2\n    exit 1\nfi\n";
			showEnvVarsInLog = 0;
		};
		5C83B76C8863D923BC71689D /* [CP] Embed Pods Frameworks */ = {
			isa = PBXShellScriptBuildPhase;
			buildActionMask = 2147483647;
			files = (
			);
			inputPaths = (
			);
			name = "[CP] Embed Pods Frameworks";
			outputPaths = (
			);
			runOnlyForDeploymentPostprocessing = 0;
			shellPath = /bin/sh;
			shellScript = "\"${SRCROOT}/Pods/Target Support Files/Pods-GoalsApp/Pods-GoalsApp-frameworks.sh\"\n";
			showEnvVarsInLog = 0;
		};
		6B551DA954580043D0CB34CA /* [CP] Copy Pods Resources */ = {
			isa = PBXShellScriptBuildPhase;
			buildActionMask = 2147483647;
			files = (
			);
			inputPaths = (
			);
			name = "[CP] Copy Pods Resources";
			outputPaths = (
			);
			runOnlyForDeploymentPostprocessing = 0;
			shellPath = /bin/sh;
			shellScript = "\"${SRCROOT}/Pods/Target Support Files/Pods-GoalsApp/Pods-GoalsApp-resources.sh\"\n";
			showEnvVarsInLog = 0;
		};
		8A9F2A7BE2F524D05119FE23 /* [CP] Check Pods Manifest.lock */ = {
			isa = PBXShellScriptBuildPhase;
			buildActionMask = 2147483647;
			files = (
			);
			inputPaths = (
			);
			name = "[CP] Check Pods Manifest.lock";
			outputPaths = (
			);
			runOnlyForDeploymentPostprocessing = 0;
			shellPath = /bin/sh;
			shellScript = "diff \"${PODS_PODFILE_DIR_PATH}/Podfile.lock\" \"${PODS_ROOT}/Manifest.lock\" > /dev/null\nif [ $? != 0 ] ; then\n    # print error to STDERR\n    echo \"error: The sandbox is not in sync with the Podfile.lock. Run 'pod install' or update your CocoaPods installation.\" >&2\n    exit 1\nfi\n";
			showEnvVarsInLog = 0;
		};
		8F92768DCBDA3ACBEE033C5A /* [CP] Copy Pods Resources */ = {
			isa = PBXShellScriptBuildPhase;
			buildActionMask = 2147483647;
			files = (
			);
			inputPaths = (
			);
			name = "[CP] Copy Pods Resources";
			outputPaths = (
			);
			runOnlyForDeploymentPostprocessing = 0;
			shellPath = /bin/sh;
			shellScript = "\"${SRCROOT}/Pods/Target Support Files/Pods-GoalsAppTests/Pods-GoalsAppTests-resources.sh\"\n";
			showEnvVarsInLog = 0;
		};
		A8AB853E51D9A4E90B10D657 /* [CP] Embed Pods Frameworks */ = {
			isa = PBXShellScriptBuildPhase;
			buildActionMask = 2147483647;
			files = (
			);
			inputPaths = (
			);
			name = "[CP] Embed Pods Frameworks";
			outputPaths = (
			);
			runOnlyForDeploymentPostprocessing = 0;
			shellPath = /bin/sh;
			shellScript = "\"${SRCROOT}/Pods/Target Support Files/Pods-GoalsAppTests/Pods-GoalsAppTests-frameworks.sh\"\n";
			showEnvVarsInLog = 0;
		};
/* End PBXShellScriptBuildPhase section */

/* Begin PBXSourcesBuildPhase section */
		B0E7B1811E8C98D100E366E0 /* Sources */ = {
			isa = PBXSourcesBuildPhase;
			buildActionMask = 2147483647;
			files = (
				2E0D75CF1ED8F414005C8A31 /* GoalApiService.swift in Sources */,
				2E2C47581EBE292E001BA388 /* Progress.swift in Sources */,
				2EBF152D1ECA787F0066BF85 /* AddProgressViewController.swift in Sources */,
				2E59D14C1EAAA038007F5F91 /* GoalsViewController.swift in Sources */,
				2EA54C0C1EA578C500C0E323 /* LoginViewController.swift in Sources */,
				B0E7B18D1E8C98D200E366E0 /* ViewController.swift in Sources */,
				2EA54C0E1EA57DAF00C0E323 /* SignUpViewController.swift in Sources */,
				2E59D14E1EABF1C3007F5F91 /* GoalTableViewCell.swift in Sources */,
				B0E7B18B1E8C98D200E366E0 /* AppDelegate.swift in Sources */,
				2EDB294B1ED9D0D600AFF4EA /* ApiWrapper.swift in Sources */,
				2EA554D71EC3D77800315BCB /* AddGoalViewController.swift in Sources */,
				2E3057371EAFB85100978F36 /* Utilities.swift in Sources */,
				2E3057351EAC24B600978F36 /* Goal.swift in Sources */,
				2E6F174D1ECE7AC800A6E1CB /* Constants.swift in Sources */,
			);
			runOnlyForDeploymentPostprocessing = 0;
		};
		B0E7B1961E8C98D200E366E0 /* Sources */ = {
			isa = PBXSourcesBuildPhase;
			buildActionMask = 2147483647;
			files = (
				B0E7B1A11E8C98D200E366E0 /* GoalsAppTests.swift in Sources */,
			);
			runOnlyForDeploymentPostprocessing = 0;
		};
/* End PBXSourcesBuildPhase section */

/* Begin PBXTargetDependency section */
		B0E7B19C1E8C98D200E366E0 /* PBXTargetDependency */ = {
			isa = PBXTargetDependency;
			target = B0E7B1841E8C98D100E366E0 /* GoalsApp */;
			targetProxy = B0E7B19B1E8C98D200E366E0 /* PBXContainerItemProxy */;
		};
/* End PBXTargetDependency section */

/* Begin PBXVariantGroup section */
		B0E7B18E1E8C98D200E366E0 /* Main.storyboard */ = {
			isa = PBXVariantGroup;
			children = (
				B0E7B18F1E8C98D200E366E0 /* Base */,
			);
			name = Main.storyboard;
			sourceTree = "<group>";
		};
/* End PBXVariantGroup section */

/* Begin XCBuildConfiguration section */
		B0E7B1A21E8C98D200E366E0 /* Debug */ = {
			isa = XCBuildConfiguration;
			buildSettings = {
				ALWAYS_SEARCH_USER_PATHS = NO;
				CLANG_CXX_LANGUAGE_STANDARD = "gnu++0x";
				CLANG_CXX_LIBRARY = "libc++";
				CLANG_ENABLE_MODULES = YES;
				CLANG_ENABLE_OBJC_ARC = YES;
				CLANG_WARN_BOOL_CONVERSION = YES;
				CLANG_WARN_CONSTANT_CONVERSION = YES;
				CLANG_WARN_DIRECT_OBJC_ISA_USAGE = YES_ERROR;
				CLANG_WARN_EMPTY_BODY = YES;
				CLANG_WARN_ENUM_CONVERSION = YES;
				CLANG_WARN_INT_CONVERSION = YES;
				CLANG_WARN_OBJC_ROOT_CLASS = YES_ERROR;
				CLANG_WARN_UNREACHABLE_CODE = YES;
				CLANG_WARN__DUPLICATE_METHOD_MATCH = YES;
				"CODE_SIGN_IDENTITY[sdk=iphoneos*]" = "iPhone Developer";
				COPY_PHASE_STRIP = NO;
				ENABLE_STRICT_OBJC_MSGSEND = YES;
				ENABLE_TESTABILITY = YES;
				GCC_C_LANGUAGE_STANDARD = gnu99;
				GCC_DYNAMIC_NO_PIC = NO;
				GCC_OPTIMIZATION_LEVEL = 0;
				GCC_PREPROCESSOR_DEFINITIONS = (
					"DEBUG=1",
					"$(inherited)",
				);
				GCC_SYMBOLS_PRIVATE_EXTERN = NO;
				GCC_WARN_64_TO_32_BIT_CONVERSION = YES;
				GCC_WARN_ABOUT_RETURN_TYPE = YES_ERROR;
				GCC_WARN_UNDECLARED_SELECTOR = YES;
				GCC_WARN_UNINITIALIZED_AUTOS = YES_AGGRESSIVE;
				GCC_WARN_UNUSED_FUNCTION = YES;
				GCC_WARN_UNUSED_VARIABLE = YES;
				IPHONEOS_DEPLOYMENT_TARGET = 8.0;
				MTL_ENABLE_DEBUG_INFO = YES;
				ONLY_ACTIVE_ARCH = YES;
				SDKROOT = iphoneos;
				SWIFT_OPTIMIZATION_LEVEL = "-Onone";
				TARGETED_DEVICE_FAMILY = "1,2";
			};
			name = Debug;
		};
		B0E7B1A31E8C98D200E366E0 /* Release */ = {
			isa = XCBuildConfiguration;
			buildSettings = {
				ALWAYS_SEARCH_USER_PATHS = NO;
				CLANG_CXX_LANGUAGE_STANDARD = "gnu++0x";
				CLANG_CXX_LIBRARY = "libc++";
				CLANG_ENABLE_MODULES = YES;
				CLANG_ENABLE_OBJC_ARC = YES;
				CLANG_WARN_BOOL_CONVERSION = YES;
				CLANG_WARN_CONSTANT_CONVERSION = YES;
				CLANG_WARN_DIRECT_OBJC_ISA_USAGE = YES_ERROR;
				CLANG_WARN_EMPTY_BODY = YES;
				CLANG_WARN_ENUM_CONVERSION = YES;
				CLANG_WARN_INT_CONVERSION = YES;
				CLANG_WARN_OBJC_ROOT_CLASS = YES_ERROR;
				CLANG_WARN_UNREACHABLE_CODE = YES;
				CLANG_WARN__DUPLICATE_METHOD_MATCH = YES;
				"CODE_SIGN_IDENTITY[sdk=iphoneos*]" = "iPhone Developer";
				COPY_PHASE_STRIP = YES;
				ENABLE_NS_ASSERTIONS = NO;
				ENABLE_STRICT_OBJC_MSGSEND = YES;
				ENABLE_TESTABILITY = YES;
				GCC_C_LANGUAGE_STANDARD = gnu99;
				GCC_WARN_64_TO_32_BIT_CONVERSION = YES;
				GCC_WARN_ABOUT_RETURN_TYPE = YES_ERROR;
				GCC_WARN_UNDECLARED_SELECTOR = YES;
				GCC_WARN_UNINITIALIZED_AUTOS = YES_AGGRESSIVE;
				GCC_WARN_UNUSED_FUNCTION = YES;
				GCC_WARN_UNUSED_VARIABLE = YES;
				IPHONEOS_DEPLOYMENT_TARGET = 8.0;
				MTL_ENABLE_DEBUG_INFO = NO;
				SDKROOT = iphoneos;
				TARGETED_DEVICE_FAMILY = "1,2";
				VALIDATE_PRODUCT = YES;
			};
			name = Release;
		};
		B0E7B1A51E8C98D200E366E0 /* Debug */ = {
			isa = XCBuildConfiguration;
			baseConfigurationReference = D767D2CCC0258B9851C39C1F /* Pods-GoalsApp.debug.xcconfig */;
			buildSettings = {
				ASSETCATALOG_COMPILER_APPICON_NAME = AppIcon;
				FRAMEWORK_SEARCH_PATHS = (
					"$(inherited)",
					"$(PROJECT_DIR)/build/Debug-iphoneos/Charts",
				);
				INFOPLIST_FILE = GoalsApp/Info.plist;
				IPHONEOS_DEPLOYMENT_TARGET = 10.0;
				LD_RUNPATH_SEARCH_PATHS = "$(inherited) @executable_path/Frameworks";
				PRODUCT_NAME = "$(TARGET_NAME)";
				SWIFT_VERSION = 3.0;
			};
			name = Debug;
		};
		B0E7B1A61E8C98D200E366E0 /* Release */ = {
			isa = XCBuildConfiguration;
			baseConfigurationReference = CB3436D53250396FF4CAEF7B /* Pods-GoalsApp.release.xcconfig */;
			buildSettings = {
				ASSETCATALOG_COMPILER_APPICON_NAME = AppIcon;
				FRAMEWORK_SEARCH_PATHS = (
					"$(inherited)",
					"$(PROJECT_DIR)/build/Debug-iphoneos/Charts",
				);
				INFOPLIST_FILE = GoalsApp/Info.plist;
				IPHONEOS_DEPLOYMENT_TARGET = 10.0;
				LD_RUNPATH_SEARCH_PATHS = "$(inherited) @executable_path/Frameworks";
				PRODUCT_NAME = "$(TARGET_NAME)";
				SWIFT_VERSION = 3.0;
			};
			name = Release;
		};
		B0E7B1A81E8C98D200E366E0 /* Debug */ = {
			isa = XCBuildConfiguration;
			baseConfigurationReference = 174D55FDEF15356AD3B8ED00 /* Pods-GoalsAppTests.debug.xcconfig */;
			buildSettings = {
				BUNDLE_LOADER = "$(TEST_HOST)";
				FRAMEWORK_SEARCH_PATHS = (
					"$(SDKROOT)/Developer/Library/Frameworks",
					"$(inherited)",
				);
				GCC_PREPROCESSOR_DEFINITIONS = (
					"DEBUG=1",
					"$(inherited)",
				);
				INFOPLIST_FILE = GoalsAppTests/Info.plist;
				LD_RUNPATH_SEARCH_PATHS = "$(inherited) @executable_path/Frameworks @loader_path/Frameworks";
				PRODUCT_NAME = "$(TARGET_NAME)";
				SWIFT_VERSION = 3.0;
				TEST_HOST = "$(BUILT_PRODUCTS_DIR)/GoalsApp.app/GoalsApp";
			};
			name = Debug;
		};
		B0E7B1A91E8C98D200E366E0 /* Release */ = {
			isa = XCBuildConfiguration;
			baseConfigurationReference = E29090C9E49AF6BC50F0AC5E /* Pods-GoalsAppTests.release.xcconfig */;
			buildSettings = {
				BUNDLE_LOADER = "$(TEST_HOST)";
				FRAMEWORK_SEARCH_PATHS = (
					"$(SDKROOT)/Developer/Library/Frameworks",
					"$(inherited)",
				);
				INFOPLIST_FILE = GoalsAppTests/Info.plist;
				LD_RUNPATH_SEARCH_PATHS = "$(inherited) @executable_path/Frameworks @loader_path/Frameworks";
				PRODUCT_NAME = "$(TARGET_NAME)";
				SWIFT_VERSION = 3.0;
				TEST_HOST = "$(BUILT_PRODUCTS_DIR)/GoalsApp.app/GoalsApp";
			};
			name = Release;
		};
/* End XCBuildConfiguration section */

/* Begin XCConfigurationList section */
		B0E7B1801E8C98D100E366E0 /* Build configuration list for PBXProject "GoalsApp" */ = {
			isa = XCConfigurationList;
			buildConfigurations = (
				B0E7B1A21E8C98D200E366E0 /* Debug */,
				B0E7B1A31E8C98D200E366E0 /* Release */,
			);
			defaultConfigurationIsVisible = 0;
			defaultConfigurationName = Release;
		};
		B0E7B1A41E8C98D200E366E0 /* Build configuration list for PBXNativeTarget "GoalsApp" */ = {
			isa = XCConfigurationList;
			buildConfigurations = (
				B0E7B1A51E8C98D200E366E0 /* Debug */,
				B0E7B1A61E8C98D200E366E0 /* Release */,
			);
			defaultConfigurationIsVisible = 0;
			defaultConfigurationName = Release;
		};
		B0E7B1A71E8C98D200E366E0 /* Build configuration list for PBXNativeTarget "GoalsAppTests" */ = {
			isa = XCConfigurationList;
			buildConfigurations = (
				B0E7B1A81E8C98D200E366E0 /* Debug */,
				B0E7B1A91E8C98D200E366E0 /* Release */,
			);
			defaultConfigurationIsVisible = 0;
			defaultConfigurationName = Release;
		};
/* End XCConfigurationList section */
	};
	rootObject = B0E7B17D1E8C98D100E366E0 /* Project object */;
}
